hash: 220b6a55746353dae496f64659be84e39a508b93412f381ce0104268c53d2397
updated: 2018-09-03T16:44:30.082891+03:00
imports:
- name: github.com/chzyer/readline
  version: 2972be24d48e78746da79ba8e24e8b488c9880de
- name: github.com/fatih/color
  version: 2d684516a8861da43017284349b7e303e809ac21
- name: github.com/juju/ansiterm
  version: 720a0952cc2ac777afc295d9861263e2a4cf96a1
  subpackages:
  - tabwriter
- name: github.com/lunixbochs/vtclean
  version: 2d01aacdc34a083dca635ba869909f5fc0cd4f41
- name: github.com/manifoldco/promptui
  version: 157c96fb638a14d268b305cf2012582431fcc410
  subpackages:
  - list
  - screenbuf
- name: github.com/mattn/go-colorable
  version: efa589957cd060542a26d2dd7832fd6a6c6c3ade
- name: github.com/mattn/go-isatty
  version: 3fb116b820352b7f0c281308a4d6250c22d94e27
- name: github.com/mattn/go-sqlite3
  version: 3198c7714d5f8be941dd06c30208e623aa5abf90
- name: github.com/ogier/pflag
  version: 45c278ab3607870051a2ea9040bb85fcb8557481
- name: github.com/stretchr/testify
  version: f35b8ab0b5a2cef36673838d662e249dd9c94686
  subpackages:
  - assert
  - mock
- name: golang.org/x/sys
  version: fa5fdf94c78965f1aa8423f0cc50b8b8d728b05a
  subpackages:
  - unix
- name: gopkg.in/urfave/cli.v1
  version: cfb38830724cc34fedffe9a2a29fb54fa9169cd1
testImports:
- name: github.com/davecgh/go-spew
  version: d8f796af33cc11cb798c1aaeb27a4ebc5099927d
  subpackages:
  - spew
- name: github.com/pmezard/go-difflib
  version: 792786c7400a136282c1664665ae0a8db921c6c2
  subpackages:
  - difflib
- name: github.com/stretchr/objx
  version: ef50b0de28773081167c97fc27cf29a0bf8b8c71
